
Microsoft Visual Studio Solution File, Format Version 12.00
# Visual Studio Version 17
VisualStudioVersion = 17.14.36915.13 d17.14
MinimumVisualStudioVersion = 10.0.40219.1
Project("{FAE04EC0-301F-11D3-BF4B-00C04F79EFBC}") = "BlazorApp19", "BlazorApp19.csproj", "{76105BFB-4935-4DED-925A-0F00E2D46964}"
EndProject
Global
	GlobalSection(SolutionConfigurationPlatforms) = preSolution
		Debug|Any CPU = Debug|Any CPU
		Release|Any CPU = Release|Any CPU
	EndGlobalSection
	GlobalSection(ProjectConfigurationPlatforms) = postSolution
		{76105BFB-4935-4DED-925A-0F00E2D46964}.Debug|Any CPU.ActiveCfg = Debug|Any CPU
		{76105BFB-4935-4DED-925A-0F00E2D46964}.Debug|Any CPU.Build.0 = Debug|Any CPU
		{76105BFB-4935-4DED-925A-0F00E2D46964}.Release|Any CPU.ActiveCfg = Release|Any CPU
		{76105BFB-4935-4DED-925A-0F00E2D46964}.Release|Any CPU.Build.0 = Release|Any CPU
	EndGlobalSection
	GlobalSection(SolutionProperties) = preSolution
		HideSolutionNode = FALSE
	EndGlobalSection
	GlobalSection(ExtensibilityGlobals) = postSolution
		SolutionGuid = {870E9816-8036-4C75-B344-51392D9701FE}
	EndGlobalSection
EndGlobal
